{
  "object": {
    "pins": [
      {
        "package": "Pikko",
        "repositoryURL": "https://github.com/melloskitten/pikko",
        "state": {
          "branch": "master",
          "revision": "60c953beedd288352718426a5c62e268333799e3",
          "version": null
        }
      }
    ]
  },
  "version": 1
}
