{
  "object": {
    "pins": [
      {
        "package": "Filestack",
        "repositoryURL": "https://github.com/filestack/filestack-ios",
        "state": {
          "branch": null,
          "revision": "6a62b5193567e3b0c7847aa335c53d3e4e304c84",
          "version": "2.8.5"
        }
      },
      {
        "package": "FilestackSDK",
        "repositoryURL": "https://github.com/filestack/filestack-swift",
        "state": {
          "branch": null,
          "revision": "5ba0ac9ca2fb53ccf18335b1654b8cc600785b66",
          "version": "2.8.0"
        }
      },
      {
        "package": "Pikko",
        "repositoryURL": "https://github.com/rnine/Pikko.git",
        "state": {
          "branch": null,
          "revision": "6596e60ef5ca32a5e242788218b03f5c24412acb",
          "version": "1.1.0"
        }
      },
      {
        "package": "SnapKit",
        "repositoryURL": "https://github.com/SnapKit/SnapKit.git",
        "state": {
          "branch": null,
          "revision": "d458564516e5676af9c70b4f4b2a9178294f1bc6",
          "version": "5.0.1"
        }
      },
      {
        "package": "SwiftMessages",
        "repositoryURL": "https://github.com/SwiftKickMobile/SwiftMessages.git",
        "state": {
          "branch": null,
          "revision": "1e49de7b3780b69927bc3e61903d8ec0693a3dc5",
          "version": "9.0.5"
        }
      },
      {
        "package": "UberSegmentedControl",
        "repositoryURL": "https://github.com/rnine/UberSegmentedControl.git",
        "state": {
          "branch": null,
          "revision": "5a6bf2d7c768124a128defda3907635cbf63885a",
          "version": "1.4.0"
        }
      },
      {
        "package": "ZIPFoundation",
        "repositoryURL": "https://github.com/weichsel/ZIPFoundation.git",
        "state": {
          "branch": null,
          "revision": "cf10bbff6ac3b873e97b36b9784c79866a051a8e",
          "version": "0.9.12"
        }
      }
    ]
  },
  "version": 1
}
