// !$*UTF8*$!
{
	archiveVersion = 1;
	classes = {
	};
	objectVersion = 50;
	objects = {

/* Begin PBXBuildFile section */
		4579359D235F02BB00938CEF /* AppDelegate.swift in Sources */ = {isa = PBXBuildFile; fileRef = 4579359C235F02BB00938CEF /* AppDelegate.swift */; };
		457935A1235F02BB00938CEF /* ViewController.swift in Sources */ = {isa = PBXBuildFile; fileRef = 457935A0235F02BB00938CEF /* ViewController.swift */; };
		457935A6235F02BD00938CEF /* Assets.xcassets in Resources */ = {isa = PBXBuildFile; fileRef = 457935A5235F02BD00938CEF /* Assets.xcassets */; };
		457935A9235F02BD00938CEF /* LaunchScreen.storyboard in Resources */ = {isa = PBXBuildFile; fileRef = 457935A7235F02BD00938CEF /* LaunchScreen.storyboard */; };
		457935BB235F06DD00938CEF /* Main.storyboard in Resources */ = {isa = PBXBuildFile; fileRef = 457935B9235F06DD00938CEF /* Main.storyboard */; };
		457935DC235F086C00938CEF /* TransformationsUI.framework in Frameworks */ = {isa = PBXBuildFile; fileRef = 457935B7235F030900938CEF /* TransformationsUI.framework */; };
		457935DD235F086C00938CEF /* TransformationsUI.framework in Embed Frameworks */ = {isa = PBXBuildFile; fileRef = 457935B7235F030900938CEF /* TransformationsUI.framework */; settings = {ATTRIBUTES = (CodeSignOnCopy, RemoveHeadersOnCopy, ); }; };
/* End PBXBuildFile section */

/* Begin PBXCopyFilesBuildPhase section */
		457935DE235F086C00938CEF /* Embed Frameworks */ = {
			isa = PBXCopyFilesBuildPhase;
			buildActionMask = 2147483647;
			dstPath = "";
			dstSubfolderSpec = 10;
			files = (
				457935DD235F086C00938CEF /* TransformationsUI.framework in Embed Frameworks */,
			);
			name = "Embed Frameworks";
			runOnlyForDeploymentPostprocessing = 0;
		};
/* End PBXCopyFilesBuildPhase section */

/* Begin PBXFileReference section */
		45793599235F02BB00938CEF /* TransformationsUI-Demo.app */ = {isa = PBXFileReference; explicitFileType = wrapper.application; includeInIndex = 0; path = "TransformationsUI-Demo.app"; sourceTree = BUILT_PRODUCTS_DIR; };
		4579359C235F02BB00938CEF /* AppDelegate.swift */ = {isa = PBXFileReference; lastKnownFileType = sourcecode.swift; path = AppDelegate.swift; sourceTree = "<group>"; };
		457935A0235F02BB00938CEF /* ViewController.swift */ = {isa = PBXFileReference; lastKnownFileType = sourcecode.swift; path = ViewController.swift; sourceTree = "<group>"; };
		457935A5235F02BD00938CEF /* Assets.xcassets */ = {isa = PBXFileReference; lastKnownFileType = folder.assetcatalog; path = Assets.xcassets; sourceTree = "<group>"; };
		457935A8235F02BD00938CEF /* Base */ = {isa = PBXFileReference; lastKnownFileType = file.storyboard; name = Base; path = Base.lproj/LaunchScreen.storyboard; sourceTree = "<group>"; };
		457935AA235F02BD00938CEF /* Info.plist */ = {isa = PBXFileReference; lastKnownFileType = text.plist.xml; path = Info.plist; sourceTree = "<group>"; };
		457935B7235F030900938CEF /* TransformationsUI.framework */ = {isa = PBXFileReference; explicitFileType = wrapper.framework; path = TransformationsUI.framework; sourceTree = BUILT_PRODUCTS_DIR; };
		457935BA235F06DD00938CEF /* Base */ = {isa = PBXFileReference; lastKnownFileType = file.storyboard; name = Base; path = Base.lproj/Main.storyboard; sourceTree = "<group>"; };
/* End PBXFileReference section */

/* Begin PBXFrameworksBuildPhase section */
		45793596235F02BB00938CEF /* Frameworks */ = {
			isa = PBXFrameworksBuildPhase;
			buildActionMask = 2147483647;
			files = (
				457935DC235F086C00938CEF /* TransformationsUI.framework in Frameworks */,
			);
			runOnlyForDeploymentPostprocessing = 0;
		};
/* End PBXFrameworksBuildPhase section */

/* Begin PBXGroup section */
		45793590235F02BB00938CEF = {
			isa = PBXGroup;
			children = (
				457935B6235F030900938CEF /* Frameworks */,
				4579359A235F02BB00938CEF /* Products */,
				4579359B235F02BB00938CEF /* TransformationsUI-Demo */,
			);
			sourceTree = "<group>";
		};
		4579359A235F02BB00938CEF /* Products */ = {
			isa = PBXGroup;
			children = (
				45793599235F02BB00938CEF /* TransformationsUI-Demo.app */,
			);
			name = Products;
			sourceTree = "<group>";
		};
		4579359B235F02BB00938CEF /* TransformationsUI-Demo */ = {
			isa = PBXGroup;
			children = (
				457935AA235F02BD00938CEF /* Info.plist */,
				4579359C235F02BB00938CEF /* AppDelegate.swift */,
				457935A0235F02BB00938CEF /* ViewController.swift */,
				457935A5235F02BD00938CEF /* Assets.xcassets */,
				457935A7235F02BD00938CEF /* LaunchScreen.storyboard */,
				457935B9235F06DD00938CEF /* Main.storyboard */,
			);
			path = "TransformationsUI-Demo";
			sourceTree = "<group>";
		};
		457935B6235F030900938CEF /* Frameworks */ = {
			isa = PBXGroup;
			children = (
				457935B7235F030900938CEF /* TransformationsUI.framework */,
			);
			name = Frameworks;
			sourceTree = "<group>";
		};
/* End PBXGroup section */

/* Begin PBXNativeTarget section */
		45793598235F02BB00938CEF /* TransformationsUI-Demo */ = {
			isa = PBXNativeTarget;
			buildConfigurationList = 457935AD235F02BD00938CEF /* Build configuration list for PBXNativeTarget "TransformationsUI-Demo" */;
			buildPhases = (
				45793595235F02BB00938CEF /* Sources */,
				45793596235F02BB00938CEF /* Frameworks */,
				45793597235F02BB00938CEF /* Resources */,
				457935DE235F086C00938CEF /* Embed Frameworks */,
			);
			buildRules = (
			);
			dependencies = (
			);
			name = "TransformationsUI-Demo";
			productName = "TransformationsUI-Demo";
			productReference = 45793599235F02BB00938CEF /* TransformationsUI-Demo.app */;
			productType = "com.apple.product-type.application";
		};
/* End PBXNativeTarget section */

/* Begin PBXProject section */
		45793591235F02BB00938CEF /* Project object */ = {
			isa = PBXProject;
			attributes = {
				LastSwiftUpdateCheck = 1110;
				LastUpgradeCheck = 1110;
				ORGANIZATIONNAME = Filestack;
				TargetAttributes = {
					45793598235F02BB00938CEF = {
						CreatedOnToolsVersion = 11.1;
					};
				};
			};
			buildConfigurationList = 45793594235F02BB00938CEF /* Build configuration list for PBXProject "TransformationsUI-Demo" */;
			compatibilityVersion = "Xcode 9.3";
			developmentRegion = en;
			hasScannedForEncodings = 0;
			knownRegions = (
				en,
				Base,
			);
			mainGroup = 45793590235F02BB00938CEF;
			productRefGroup = 4579359A235F02BB00938CEF /* Products */;
			projectDirPath = "";
			projectRoot = "";
			targets = (
				45793598235F02BB00938CEF /* TransformationsUI-Demo */,
			);
		};
/* End PBXProject section */

/* Begin PBXResourcesBuildPhase section */
		45793597235F02BB00938CEF /* Resources */ = {
			isa = PBXResourcesBuildPhase;
			buildActionMask = 2147483647;
			files = (
				457935BB235F06DD00938CEF /* Main.storyboard in Resources */,
				457935A9235F02BD00938CEF /* LaunchScreen.storyboard in Resources */,
				457935A6235F02BD00938CEF /* Assets.xcassets in Resources */,
			);
			runOnlyForDeploymentPostprocessing = 0;
		};
/* End PBXResourcesBuildPhase section */

/* Begin PBXSourcesBuildPhase section */
		45793595235F02BB00938CEF /* Sources */ = {
			isa = PBXSourcesBuildPhase;
			buildActionMask = 2147483647;
			files = (
				457935A1235F02BB00938CEF /* ViewController.swift in Sources */,
				4579359D235F02BB00938CEF /* AppDelegate.swift in Sources */,
			);
			runOnlyForDeploymentPostprocessing = 0;
		};
/* End PBXSourcesBuildPhase section */

/* Begin PBXVariantGroup section */
		457935A7235F02BD00938CEF /* LaunchScreen.storyboard */ = {
			isa = PBXVariantGroup;
			children = (
				457935A8235F02BD00938CEF /* Base */,
			);
			name = LaunchScreen.storyboard;
			sourceTree = "<group>";
		};
		457935B9235F06DD00938CEF /* Main.storyboard */ = {
			isa = PBXVariantGroup;
			children = (
				457935BA235F06DD00938CEF /* Base */,
			);
			name = Main.storyboard;
			sourceTree = "<group>";
		};
/* End PBXVariantGroup section */

/* Begin XCBuildConfiguration section */
		457935AB235F02BD00938CEF /* Debug */ = {
			isa = XCBuildConfiguration;
			buildSettings = {
				ALWAYS_SEARCH_USER_PATHS = NO;
				CLANG_ANALYZER_NONNULL = YES;
				CLANG_ANALYZER_NUMBER_OBJECT_CONVERSION = YES_AGGRESSIVE;
				CLANG_CXX_LANGUAGE_STANDARD = "gnu++14";
				CLANG_CXX_LIBRARY = "libc++";
				CLANG_ENABLE_MODULES = YES;
				CLANG_ENABLE_OBJC_ARC = YES;
				CLANG_ENABLE_OBJC_WEAK = YES;
				CLANG_WARN_BLOCK_CAPTURE_AUTORELEASING = YES;
				CLANG_WARN_BOOL_CONVERSION = YES;
				CLANG_WARN_COMMA = YES;
				CLANG_WARN_CONSTANT_CONVERSION = YES;
				CLANG_WARN_DEPRECATED_OBJC_IMPLEMENTATIONS = YES;
				CLANG_WARN_DIRECT_OBJC_ISA_USAGE = YES_ERROR;
				CLANG_WARN_DOCUMENTATION_COMMENTS = YES;
				CLANG_WARN_EMPTY_BODY = YES;
				CLANG_WARN_ENUM_CONVERSION = YES;
				CLANG_WARN_INFINITE_RECURSION = YES;
				CLANG_WARN_INT_CONVERSION = YES;
				CLANG_WARN_NON_LITERAL_NULL_CONVERSION = YES;
				CLANG_WARN_OBJC_IMPLICIT_RETAIN_SELF = YES;
				CLANG_WARN_OBJC_LITERAL_CONVERSION = YES;
				CLANG_WARN_OBJC_ROOT_CLASS = YES_ERROR;
				CLANG_WARN_RANGE_LOOP_ANALYSIS = YES;
				CLANG_WARN_STRICT_PROTOTYPES = YES;
				CLANG_WARN_SUSPICIOUS_MOVE = YES;
				CLANG_WARN_UNGUARDED_AVAILABILITY = YES_AGGRESSIVE;
				CLANG_WARN_UNREACHABLE_CODE = YES;
				CLANG_WARN__DUPLICATE_METHOD_MATCH = YES;
				COPY_PHASE_STRIP = NO;
				DEBUG_INFORMATION_FORMAT = dwarf;
				ENABLE_STRICT_OBJC_MSGSEND = YES;
				ENABLE_TESTABILITY = YES;
				GCC_C_LANGUAGE_STANDARD = gnu11;
				GCC_DYNAMIC_NO_PIC = NO;
				GCC_NO_COMMON_BLOCKS = YES;
				GCC_OPTIMIZATION_LEVEL = 0;
				GCC_PREPROCESSOR_DEFINITIONS = (
					"DEBUG=1",
					"$(inherited)",
				);
				GCC_WARN_64_TO_32_BIT_CONVERSION = YES;
				GCC_WARN_ABOUT_RETURN_TYPE = YES_ERROR;
				GCC_WARN_UNDECLARED_SELECTOR = YES;
				GCC_WARN_UNINITIALIZED_AUTOS = YES_AGGRESSIVE;
				GCC_WARN_UNUSED_FUNCTION = YES;
				GCC_WARN_UNUSED_VARIABLE = YES;
				IPHONEOS_DEPLOYMENT_TARGET = 13.1;
				MTL_ENABLE_DEBUG_INFO = INCLUDE_SOURCE;
				MTL_FAST_MATH = YES;
				ONLY_ACTIVE_ARCH = YES;
				SDKROOT = iphoneos;
				SWIFT_ACTIVE_COMPILATION_CONDITIONS = DEBUG;
				SWIFT_OPTIMIZATION_LEVEL = "-Onone";
			};
			name = Debug;
		};
		457935AC235F02BD00938CEF /* Release */ = {
			isa = XCBuildConfiguration;
			buildSettings = {
				ALWAYS_SEARCH_USER_PATHS = NO;
				CLANG_ANALYZER_NONNULL = YES;
				CLANG_ANALYZER_NUMBER_OBJECT_CONVERSION = YES_AGGRESSIVE;
				CLANG_CXX_LANGUAGE_STANDARD = "gnu++14";
				CLANG_CXX_LIBRARY = "libc++";
				CLANG_ENABLE_MODULES = YES;
				CLANG_ENABLE_OBJC_ARC = YES;
				CLANG_ENABLE_OBJC_WEAK = YES;
				CLANG_WARN_BLOCK_CAPTURE_AUTORELEASING = YES;
				CLANG_WARN_BOOL_CONVERSION = YES;
				CLANG_WARN_COMMA = YES;
				CLANG_WARN_CONSTANT_CONVERSION = YES;
				CLANG_WARN_DEPRECATED_OBJC_IMPLEMENTATIONS = YES;
				CLANG_WARN_DIRECT_OBJC_ISA_USAGE = YES_ERROR;
				CLANG_WARN_DOCUMENTATION_COMMENTS = YES;
				CLANG_WARN_EMPTY_BODY = YES;
				CLANG_WARN_ENUM_CONVERSION = YES;
				CLANG_WARN_INFINITE_RECURSION = YES;
				CLANG_WARN_INT_CONVERSION = YES;
				CLANG_WARN_NON_LITERAL_NULL_CONVERSION = YES;
				CLANG_WARN_OBJC_IMPLICIT_RETAIN_SELF = YES;
				CLANG_WARN_OBJC_LITERAL_CONVERSION = YES;
				CLANG_WARN_OBJC_ROOT_CLASS = YES_ERROR;
				CLANG_WARN_RANGE_LOOP_ANALYSIS = YES;
				CLANG_WARN_STRICT_PROTOTYPES = YES;
				CLANG_WARN_SUSPICIOUS_MOVE = YES;
				CLANG_WARN_UNGUARDED_AVAILABILITY = YES_AGGRESSIVE;
				CLANG_WARN_UNREACHABLE_CODE = YES;
				CLANG_WARN__DUPLICATE_METHOD_MATCH = YES;
				COPY_PHASE_STRIP = NO;
				DEBUG_INFORMATION_FORMAT = "dwarf-with-dsym";
				ENABLE_NS_ASSERTIONS = NO;
				ENABLE_STRICT_OBJC_MSGSEND = YES;
				GCC_C_LANGUAGE_STANDARD = gnu11;
				GCC_NO_COMMON_BLOCKS = YES;
				GCC_WARN_64_TO_32_BIT_CONVERSION = YES;
				GCC_WARN_ABOUT_RETURN_TYPE = YES_ERROR;
				GCC_WARN_UNDECLARED_SELECTOR = YES;
				GCC_WARN_UNINITIALIZED_AUTOS = YES_AGGRESSIVE;
				GCC_WARN_UNUSED_FUNCTION = YES;
				GCC_WARN_UNUSED_VARIABLE = YES;
				IPHONEOS_DEPLOYMENT_TARGET = 13.1;
				MTL_ENABLE_DEBUG_INFO = NO;
				MTL_FAST_MATH = YES;
				SDKROOT = iphoneos;
				SWIFT_COMPILATION_MODE = wholemodule;
				SWIFT_OPTIMIZATION_LEVEL = "-O";
				VALIDATE_PRODUCT = YES;
			};
			name = Release;
		};
		457935AE235F02BD00938CEF /* Debug */ = {
			isa = XCBuildConfiguration;
			buildSettings = {
				ASSETCATALOG_COMPILER_APPICON_NAME = AppIcon;
				CODE_SIGN_STYLE = Automatic;
				DEVELOPMENT_TEAM = ZBJR46PSPF;
				INFOPLIST_FILE = "TransformationsUI-Demo/Info.plist";
				IPHONEOS_DEPLOYMENT_TARGET = 11.0;
				LD_RUNPATH_SEARCH_PATHS = (
					"$(inherited)",
					"@executable_path/Frameworks",
				);
				PRODUCT_BUNDLE_IDENTIFIER = "com.filestack.TransformationsUI-Demo";
				PRODUCT_NAME = "$(TARGET_NAME)";
				SWIFT_VERSION = 5.0;
				TARGETED_DEVICE_FAMILY = "1,2";
			};
			name = Debug;
		};
		457935AF235F02BD00938CEF /* Release */ = {
			isa = XCBuildConfiguration;
			buildSettings = {
				ASSETCATALOG_COMPILER_APPICON_NAME = AppIcon;
				CODE_SIGN_STYLE = Automatic;
				DEVELOPMENT_TEAM = ZBJR46PSPF;
				INFOPLIST_FILE = "TransformationsUI-Demo/Info.plist";
				IPHONEOS_DEPLOYMENT_TARGET = 11.0;
				LD_RUNPATH_SEARCH_PATHS = (
					"$(inherited)",
					"@executable_path/Frameworks",
				);
				PRODUCT_BUNDLE_IDENTIFIER = "com.filestack.TransformationsUI-Demo";
				PRODUCT_NAME = "$(TARGET_NAME)";
				SWIFT_VERSION = 5.0;
				TARGETED_DEVICE_FAMILY = "1,2";
			};
			name = Release;
		};
/* End XCBuildConfiguration section */

/* Begin XCConfigurationList section */
		45793594235F02BB00938CEF /* Build configuration list for PBXProject "TransformationsUI-Demo" */ = {
			isa = XCConfigurationList;
			buildConfigurations = (
				457935AB235F02BD00938CEF /* Debug */,
				457935AC235F02BD00938CEF /* Release */,
			);
			defaultConfigurationIsVisible = 0;
			defaultConfigurationName = Release;
		};
		457935AD235F02BD00938CEF /* Build configuration list for PBXNativeTarget "TransformationsUI-Demo" */ = {
			isa = XCConfigurationList;
			buildConfigurations = (
				457935AE235F02BD00938CEF /* Debug */,
				457935AF235F02BD00938CEF /* Release */,
			);
			defaultConfigurationIsVisible = 0;
			defaultConfigurationName = Release;
		};
/* End XCConfigurationList section */
	};
	rootObject = 45793591235F02BB00938CEF /* Project object */;
}
